// !$*UTF8*$!
{
	archiveVersion = 1;
	classes = {
	};
	objectVersion = 50;
	objects = {

/* Begin PBXBuildFile section */
		38BEFDF3261AFCC300A54E01 /* AppDelegate.swift in Sources */ = {isa = PBXBuildFile; fileRef = 38BEFDF2261AFCC300A54E01 /* AppDelegate.swift */; };
		38BEFDF5261AFCC300A54E01 /* SceneDelegate.swift in Sources */ = {isa = PBXBuildFile; fileRef = 38BEFDF4261AFCC300A54E01 /* SceneDelegate.swift */; };
		38BEFDF7261AFCC300A54E01 /* ViewController.swift in Sources */ = {isa = PBXBuildFile; fileRef = 38BEFDF6261AFCC300A54E01 /* ViewController.swift */; };
		38BEFDFC261AFCC300A54E01 /* Assets.xcassets in Resources */ = {isa = PBXBuildFile; fileRef = 38BEFDFB261AFCC300A54E01 /* Assets.xcassets */; };
		38BEFDFF261AFCC300A54E01 /* LaunchScreen.storyboard in Resources */ = {isa = PBXBuildFile; fileRef = 38BEFDFD261AFCC300A54E01 /* LaunchScreen.storyboard */; };
		C0A1F8BBADFFA1E2DEA1974B /* Pods_SimpleStackView.framework in Frameworks */ = {isa = PBXBuildFile; fileRef = 8F2F2438669043AABF53B6EC /* Pods_SimpleStackView.framework */; };
/* End PBXBuildFile section */

/* Begin PBXFileReference section */
		38BEFDEF261AFCC300A54E01 /* SimpleStackView.app */ = {isa = PBXFileReference; explicitFileType = wrapper.application; includeInIndex = 0; path = SimpleStackView.app; sourceTree = BUILT_PRODUCTS_DIR; };
		38BEFDF2261AFCC300A54E01 /* AppDelegate.swift */ = {isa = PBXFileReference; lastKnownFileType = sourcecode.swift; path = AppDelegate.swift; sourceTree = "<group>"; };
		38BEFDF4261AFCC300A54E01 /* SceneDelegate.swift */ = {isa = PBXFileReference; lastKnownFileType = sourcecode.swift; path = SceneDelegate.swift; sourceTree = "<group>"; };
		38BEFDF6261AFCC300A54E01 /* ViewController.swift */ = {isa = PBXFileReference; lastKnownFileType = sourcecode.swift; path = ViewController.swift; sourceTree = "<group>"; };
		38BEFDFB261AFCC300A54E01 /* Assets.xcassets */ = {isa = PBXFileReference; lastKnownFileType = folder.assetcatalog; path = Assets.xcassets; sourceTree = "<group>"; };
		38BEFDFE261AFCC300A54E01 /* Base */ = {isa = PBXFileReference; lastKnownFileType = file.storyboard; name = Base; path = Base.lproj/LaunchScreen.storyboard; sourceTree = "<group>"; };
		38BEFE00261AFCC300A54E01 /* Info.plist */ = {isa = PBXFileReference; lastKnownFileType = text.plist.xml; path = Info.plist; sourceTree = "<group>"; };
		8F2F2438669043AABF53B6EC /* Pods_SimpleStackView.framework */ = {isa = PBXFileReference; explicitFileType = wrapper.framework; includeInIndex = 0; path = Pods_SimpleStackView.framework; sourceTree = BUILT_PRODUCTS_DIR; };
		BE3D140EB015C080133B213A /* Pods-SimpleStackView.release.xcconfig */ = {isa = PBXFileReference; includeInIndex = 1; lastKnownFileType = text.xcconfig; name = "Pods-SimpleStackView.release.xcconfig"; path = "Target Support Files/Pods-SimpleStackView/Pods-SimpleStackView.release.xcconfig"; sourceTree = "<group>"; };
		FD7B840C613C496F8A093A86 /* Pods-SimpleStackView.debug.xcconfig */ = {isa = PBXFileReference; includeInIndex = 1; lastKnownFileType = text.xcconfig; name = "Pods-SimpleStackView.debug.xcconfig"; path = "Target Support Files/Pods-SimpleStackView/Pods-SimpleStackView.debug.xcconfig"; sourceTree = "<group>"; };
/* End PBXFileReference section */

/* Begin PBXFrameworksBuildPhase section */
		38BEFDEC261AFCC300A54E01 /* Frameworks */ = {
			isa = PBXFrameworksBuildPhase;
			buildActionMask = 2147483647;
			files = (
				C0A1F8BBADFFA1E2DEA1974B /* Pods_SimpleStackView.framework in Frameworks */,
			);
			runOnlyForDeploymentPostprocessing = 0;
		};
/* End PBXFrameworksBuildPhase section */

/* Begin PBXGroup section */
		17520280F38CF9DAF45B7BA4 /* Frameworks */ = {
			isa = PBXGroup;
			children = (
				8F2F2438669043AABF53B6EC /* Pods_SimpleStackView.framework */,
			);
			name = Frameworks;
			sourceTree = "<group>";
		};
		38BEFDE6261AFCC300A54E01 = {
			isa = PBXGroup;
			children = (
				38BEFDF1261AFCC300A54E01 /* SimpleStackView */,
				38BEFDF0261AFCC300A54E01 /* Products */,
				942065B7FDA292653C32C465 /* Pods */,
				17520280F38CF9DAF45B7BA4 /* Frameworks */,
			);
			sourceTree = "<group>";
		};
		38BEFDF0261AFCC300A54E01 /* Products */ = {
			isa = PBXGroup;
			children = (
				38BEFDEF261AFCC300A54E01 /* SimpleStackView.app */,
			);
			name = Products;
			sourceTree = "<group>";
		};
		38BEFDF1261AFCC300A54E01 /* SimpleStackView */ = {
			isa = PBXGroup;
			children = (
				38BEFDF2261AFCC300A54E01 /* AppDelegate.swift */,
				38BEFDF4261AFCC300A54E01 /* SceneDelegate.swift */,
				38BEFDF6261AFCC300A54E01 /* ViewController.swift */,
				38BEFDFB261AFCC300A54E01 /* Assets.xcassets */,
				38BEFDFD261AFCC300A54E01 /* LaunchScreen.storyboard */,
				38BEFE00261AFCC300A54E01 /* Info.plist */,
			);
			path = SimpleStackView;
			sourceTree = "<group>";
		};
		942065B7FDA292653C32C465 /* Pods */ = {
			isa = PBXGroup;
			children = (
				FD7B840C613C496F8A093A86 /* Pods-SimpleStackView.debug.xcconfig */,
				BE3D140EB015C080133B213A /* Pods-SimpleStackView.release.xcconfig */,
			);
			name = Pods;
			path = Pods;
			sourceTree = "<group>";
		};
/* End PBXGroup section */

/* Begin PBXNativeTarget section */
		38BEFDEE261AFCC300A54E01 /* SimpleStackView */ = {
			isa = PBXNativeTarget;
			buildConfigurationList = 38BEFE03261AFCC300A54E01 /* Build configuration list for PBXNativeTarget "SimpleStackView" */;
			buildPhases = (
				8EEDECA30EB034176D5BE4AD /* [CP] Check Pods Manifest.lock */,
				38BEFDEB261AFCC300A54E01 /* Sources */,
				38BEFDEC261AFCC300A54E01 /* Frameworks */,
				38BEFDED261AFCC300A54E01 /* Resources */,
				0B2435E01184C8D46E6D1554 /* [CP] Embed Pods Frameworks */,
			);
			buildRules = (
			);
			dependencies = (
			);
			name = SimpleStackView;
			productName = SimpleStackView;
			productReference = 38BEFDEF261AFCC300A54E01 /* SimpleStackView.app */;
			productType = "com.apple.product-type.application";
		};
/* End PBXNativeTarget section */

/* Begin PBXProject section */
		38BEFDE7261AFCC300A54E01 /* Project object */ = {
			isa = PBXProject;
			attributes = {
				LastSwiftUpdateCheck = 1240;
				LastUpgradeCheck = 1240;
				TargetAttributes = {
					38BEFDEE261AFCC300A54E01 = {
						CreatedOnToolsVersion = 12.4;
					};
				};
			};
			buildConfigurationList = 38BEFDEA261AFCC300A54E01 /* Build configuration list for PBXProject "SimpleStackView" */;
			compatibilityVersion = "Xcode 9.3";
			developmentRegion = en;
			hasScannedForEncodings = 0;
			knownRegions = (
				en,
				Base,
			);
			mainGroup = 38BEFDE6261AFCC300A54E01;
			productRefGroup = 38BEFDF0261AFCC300A54E01 /* Products */;
			projectDirPath = "";
			projectRoot = "";
			targets = (
				38BEFDEE261AFCC300A54E01 /* SimpleStackView */,
			);
		};
/* End PBXProject section */

/* Begin PBXResourcesBuildPhase section */
		38BEFDED261AFCC300A54E01 /* Resources */ = {
			isa = PBXResourcesBuildPhase;
			buildActionMask = 2147483647;
			files = (
				38BEFDFF261AFCC300A54E01 /* LaunchScreen.storyboard in Resources */,
				38BEFDFC261AFCC300A54E01 /* Assets.xcassets in Resources */,
			);
			runOnlyForDeploymentPostprocessing = 0;
		};
/* End PBXResourcesBuildPhase section */

/* Begin PBXShellScriptBuildPhase section */
		0B2435E01184C8D46E6D1554 /* [CP] Embed Pods Frameworks */ = {
			isa = PBXShellScriptBuildPhase;
			buildActionMask = 2147483647;
			files = (
			);
			inputFileListPaths = (
				"${PODS_ROOT}/Target Support Files/Pods-SimpleStackView/Pods-SimpleStackView-frameworks-${CONFIGURATION}-input-files.xcfilelist",
			);
			name = "[CP] Embed Pods Frameworks";
			outputFileListPaths = (
				"${PODS_ROOT}/Target Support Files/Pods-SimpleStackView/Pods-SimpleStackView-frameworks-${CONFIGURATION}-output-files.xcfilelist",
			);
			runOnlyForDeploymentPostprocessing = 0;
			shellPath = /bin/sh;
			shellScript = "\"${PODS_ROOT}/Target Support Files/Pods-SimpleStackView/Pods-SimpleStackView-frameworks.sh\"\n";
			showEnvVarsInLog = 0;
		};
		8EEDECA30EB034176D5BE4AD /* [CP] Check Pods Manifest.lock */ = {
			isa = PBXShellScriptBuildPhase;
			buildActionMask = 2147483647;
			files = (
			);
			inputFileListPaths = (
			);
			inputPaths = (
				"${PODS_PODFILE_DIR_PATH}/Podfile.lock",
				"${PODS_ROOT}/Manifest.lock",
			);
			name = "[CP] Check Pods Manifest.lock";
			outputFileListPaths = (
			);
			outputPaths = (
				"$(DERIVED_FILE_DIR)/Pods-SimpleStackView-checkManifestLockResult.txt",
			);
			runOnlyForDeploymentPostprocessing = 0;
			shellPath = /bin/sh;
			shellScript = "diff \"${PODS_PODFILE_DIR_PATH}/Podfile.lock\" \"${PODS_ROOT}/Manifest.lock\" > /dev/null\nif [ $? != 0 ] ; then\n    # print error to STDERR\n    echo \"error: The sandbox is not in sync with the Podfile.lock. Run 'pod install' or update your CocoaPods installation.\" >&2\n    exit 1\nfi\n# This output is used by Xcode 'outputs' to avoid re-running this script phase.\necho \"SUCCESS\" > \"${SCRIPT_OUTPUT_FILE_0}\"\n";
			showEnvVarsInLog = 0;
		};
/* End PBXShellScriptBuildPhase section */

/* Begin PBXSourcesBuildPhase section */
		38BEFDEB261AFCC300A54E01 /* Sources */ = {
			isa = PBXSourcesBuildPhase;
			buildActionMask = 2147483647;
			files = (
				38BEFDF7261AFCC300A54E01 /* ViewController.swift in Sources */,
				38BEFDF3261AFCC300A54E01 /* AppDelegate.swift in Sources */,
				38BEFDF5261AFCC300A54E01 /* SceneDelegate.swift in Sources */,
			);
			runOnlyForDeploymentPostprocessing = 0;
		};
/* End PBXSourcesBuildPhase section */

/* Begin PBXVariantGroup section */
		38BEFDFD261AFCC300A54E01 /* LaunchScreen.storyboard */ = {
			isa = PBXVariantGroup;
			children = (
				38BEFDFE261AFCC300A54E01 /* Base */,
			);
			name = LaunchScreen.storyboard;
			sourceTree = "<group>";
		};
/* End PBXVariantGroup section */

/* Begin XCBuildConfiguration section */
		38BEFE01261AFCC300A54E01 /* Debug */ = {
			isa = XCBuildConfiguration;
			buildSettings = {
				ALWAYS_SEARCH_USER_PATHS = NO;
				CLANG_ANALYZER_NONNULL = YES;
				CLANG_ANALYZER_NUMBER_OBJECT_CONVERSION = YES_AGGRESSIVE;
				CLANG_CXX_LANGUAGE_STANDARD = "gnu++14";
				CLANG_CXX_LIBRARY = "libc++";
				CLANG_ENABLE_MODULES = YES;
				CLANG_ENABLE_OBJC_ARC = YES;
				CLANG_ENABLE_OBJC_WEAK = YES;
				CLANG_WARN_BLOCK_CAPTURE_AUTORELEASING = YES;
				CLANG_WARN_BOOL_CONVERSION = YES;
				CLANG_WARN_COMMA = YES;
				CLANG_WARN_CONSTANT_CONVERSION = YES;
				CLANG_WARN_DEPRECATED_OBJC_IMPLEMENTATIONS = YES;
				CLANG_WARN_DIRECT_OBJC_ISA_USAGE = YES_ERROR;
				CLANG_WARN_DOCUMENTATION_COMMENTS = YES;
				CLANG_WARN_EMPTY_BODY = YES;
				CLANG_WARN_ENUM_CONVERSION = YES;
				CLANG_WARN_INFINITE_RECURSION = YES;
				CLANG_WARN_INT_CONVERSION = YES;
				CLANG_WARN_NON_LITERAL_NULL_CONVERSION = YES;
				CLANG_WARN_OBJC_IMPLICIT_RETAIN_SELF = YES;
				CLANG_WARN_OBJC_LITERAL_CONVERSION = YES;
				CLANG_WARN_OBJC_ROOT_CLASS = YES_ERROR;
				CLANG_WARN_QUOTED_INCLUDE_IN_FRAMEWORK_HEADER = YES;
				CLANG_WARN_RANGE_LOOP_ANALYSIS = YES;
				CLANG_WARN_STRICT_PROTOTYPES = YES;
				CLANG_WARN_SUSPICIOUS_MOVE = YES;
				CLANG_WARN_UNGUARDED_AVAILABILITY = YES_AGGRESSIVE;
				CLANG_WARN_UNREACHABLE_CODE = YES;
				CLANG_WARN__DUPLICATE_METHOD_MATCH = YES;
				COPY_PHASE_STRIP = NO;
				DEBUG_INFORMATION_FORMAT = dwarf;
				ENABLE_STRICT_OBJC_MSGSEND = YES;
				ENABLE_TESTABILITY = YES;
				GCC_C_LANGUAGE_STANDARD = gnu11;
				GCC_DYNAMIC_NO_PIC = NO;
				GCC_NO_COMMON_BLOCKS = YES;
				GCC_OPTIMIZATION_LEVEL = 0;
				GCC_PREPROCESSOR_DEFINITIONS = (
					"DEBUG=1",
					"$(inherited)",
				);
				GCC_WARN_64_TO_32_BIT_CONVERSION = YES;
				GCC_WARN_ABOUT_RETURN_TYPE = YES_ERROR;
				GCC_WARN_UNDECLARED_SELECTOR = YES;
				GCC_WARN_UNINITIALIZED_AUTOS = YES_AGGRESSIVE;
				GCC_WARN_UNUSED_FUNCTION = YES;
				GCC_WARN_UNUSED_VARIABLE = YES;
				IPHONEOS_DEPLOYMENT_TARGET = 14.4;
				MTL_ENABLE_DEBUG_INFO = INCLUDE_SOURCE;
				MTL_FAST_MATH = YES;
				ONLY_ACTIVE_ARCH = YES;
				SDKROOT = iphoneos;
				SWIFT_ACTIVE_COMPILATION_CONDITIONS = DEBUG;
				SWIFT_OPTIMIZATION_LEVEL = "-Onone";
			};
			name = Debug;
		};
		38BEFE02261AFCC300A54E01 /* Release */ = {
			isa = XCBuildConfiguration;
			buildSettings = {
				ALWAYS_SEARCH_USER_PATHS = NO;
				CLANG_ANALYZER_NONNULL = YES;
				CLANG_ANALYZER_NUMBER_OBJECT_CONVERSION = YES_AGGRESSIVE;
				CLANG_CXX_LANGUAGE_STANDARD = "gnu++14";
				CLANG_CXX_LIBRARY = "libc++";
				CLANG_ENABLE_MODULES = YES;
				CLANG_ENABLE_OBJC_ARC = YES;
				CLANG_ENABLE_OBJC_WEAK = YES;
				CLANG_WARN_BLOCK_CAPTURE_AUTORELEASING = YES;
				CLANG_WARN_BOOL_CONVERSION = YES;
				CLANG_WARN_COMMA = YES;
				CLANG_WARN_CONSTANT_CONVERSION = YES;
				CLANG_WARN_DEPRECATED_OBJC_IMPLEMENTATIONS = YES;
				CLANG_WARN_DIRECT_OBJC_ISA_USAGE = YES_ERROR;
				CLANG_WARN_DOCUMENTATION_COMMENTS = YES;
				CLANG_WARN_EMPTY_BODY = YES;
				CLANG_WARN_ENUM_CONVERSION = YES;
				CLANG_WARN_INFINITE_RECURSION = YES;
				CLANG_WARN_INT_CONVERSION = YES;
				CLANG_WARN_NON_LITERAL_NULL_CONVERSION = YES;
				CLANG_WARN_OBJC_IMPLICIT_RETAIN_SELF = YES;
				CLANG_WARN_OBJC_LITERAL_CONVERSION = YES;
				CLANG_WARN_OBJC_ROOT_CLASS = YES_ERROR;
				CLANG_WARN_QUOTED_INCLUDE_IN_FRAMEWORK_HEADER = YES;
				CLANG_WARN_RANGE_LOOP_ANALYSIS = YES;
				CLANG_WARN_STRICT_PROTOTYPES = YES;
				CLANG_WARN_SUSPICIOUS_MOVE = YES;
				CLANG_WARN_UNGUARDED_AVAILABILITY = YES_AGGRESSIVE;
				CLANG_WARN_UNREACHABLE_CODE = YES;
				CLANG_WARN__DUPLICATE_METHOD_MATCH = YES;
				COPY_PHASE_STRIP = NO;
				DEBUG_INFORMATION_FORMAT = "dwarf-with-dsym";
				ENABLE_NS_ASSERTIONS = NO;
				ENABLE_STRICT_OBJC_MSGSEND = YES;
				GCC_C_LANGUAGE_STANDARD = gnu11;
				GCC_NO_COMMON_BLOCKS = YES;
				GCC_WARN_64_TO_32_BIT_CONVERSION = YES;
				GCC_WARN_ABOUT_RETURN_TYPE = YES_ERROR;
				GCC_WARN_UNDECLARED_SELECTOR = YES;
				GCC_WARN_UNINITIALIZED_AUTOS = YES_AGGRESSIVE;
				GCC_WARN_UNUSED_FUNCTION = YES;
				GCC_WARN_UNUSED_VARIABLE = YES;
				IPHONEOS_DEPLOYMENT_TARGET = 14.4;
				MTL_ENABLE_DEBUG_INFO = NO;
				MTL_FAST_MATH = YES;
				SDKROOT = iphoneos;
				SWIFT_COMPILATION_MODE = wholemodule;
				SWIFT_OPTIMIZATION_LEVEL = "-O";
				VALIDATE_PRODUCT = YES;
			};
			name = Release;
		};
		38BEFE04261AFCC300A54E01 /* Debug */ = {
			isa = XCBuildConfiguration;
			baseConfigurationReference = FD7B840C613C496F8A093A86 /* Pods-SimpleStackView.debug.xcconfig */;
			buildSettings = {
				ASSETCATALOG_COMPILER_APPICON_NAME = AppIcon;
				ASSETCATALOG_COMPILER_GLOBAL_ACCENT_COLOR_NAME = AccentColor;
				CODE_SIGN_STYLE = Automatic;
				INFOPLIST_FILE = SimpleStackView/Info.plist;
				IPHONEOS_DEPLOYMENT_TARGET = 13.0;
				LD_RUNPATH_SEARCH_PATHS = (
					"$(inherited)",
					"@executable_path/Frameworks",
				);
				PRODUCT_BUNDLE_IDENTIFIER = io.fenta.SimpleStackView;
				PRODUCT_NAME = "$(TARGET_NAME)";
				SWIFT_VERSION = 5.0;
				TARGETED_DEVICE_FAMILY = "1,2";
			};
			name = Debug;
		};
		38BEFE05261AFCC300A54E01 /* Release */ = {
			isa = XCBuildConfiguration;
			baseConfigurationReference = BE3D140EB015C080133B213A /* Pods-SimpleStackView.release.xcconfig */;
			buildSettings = {
				ASSETCATALOG_COMPILER_APPICON_NAME = AppIcon;
				ASSETCATALOG_COMPILER_GLOBAL_ACCENT_COLOR_NAME = AccentColor;
				CODE_SIGN_STYLE = Automatic;
				INFOPLIST_FILE = SimpleStackView/Info.plist;
				IPHONEOS_DEPLOYMENT_TARGET = 13.0;
				LD_RUNPATH_SEARCH_PATHS = (
					"$(inherited)",
					"@executable_path/Frameworks",
				);
				PRODUCT_BUNDLE_IDENTIFIER = io.fenta.SimpleStackView;
				PRODUCT_NAME = "$(TARGET_NAME)";
				SWIFT_VERSION = 5.0;
				TARGETED_DEVICE_FAMILY = "1,2";
			};
			name = Release;
		};
/* End XCBuildConfiguration section */

/* Begin XCConfigurationList section */
		38BEFDEA261AFCC300A54E01 /* Build configuration list for PBXProject "SimpleStackView" */ = {
			isa = XCConfigurationList;
			buildConfigurations = (
				38BEFE01261AFCC300A54E01 /* Debug */,
				38BEFE02261AFCC300A54E01 /* Release */,
			);
			defaultConfigurationIsVisible = 0;
			defaultConfigurationName = Release;
		};
		38BEFE03261AFCC300A54E01 /* Build configuration list for PBXNativeTarget "SimpleStackView" */ = {
			isa = XCConfigurationList;
			buildConfigurations = (
				38BEFE04261AFCC300A54E01 /* Debug */,
				38BEFE05261AFCC300A54E01 /* Release */,
			);
			defaultConfigurationIsVisible = 0;
			defaultConfigurationName = Release;
		};
/* End XCConfigurationList section */
	};
	rootObject = 38BEFDE7261AFCC300A54E01 /* Project object */;
}
